
Microsoft Visual Studio Solution File, Format Version 12.00
Project("{FAE04EC0-301F-11D3-BF4B-00C04F79EFBC}") = "Solution2", "Solution2\Solution2.csproj", "{7AF64C65-A7D3-4978-9F51-3ACBA406C95A}"
EndProject
Global
	GlobalSection(SolutionConfigurationPlatforms) = preSolution
		Debug|Any CPU = Debug|Any CPU
		Release|Any CPU = Release|Any CPU
	EndGlobalSection
	GlobalSection(ProjectConfigurationPlatforms) = postSolution
		{7AF64C65-A7D3-4978-9F51-3ACBA406C95A}.Debug|Any CPU.ActiveCfg = Debug|Any CPU
		{7AF64C65-A7D3-4978-9F51-3ACBA406C95A}.Debug|Any CPU.Build.0 = Debug|Any CPU
		{7AF64C65-A7D3-4978-9F51-3ACBA406C95A}.Release|Any CPU.ActiveCfg = Release|Any CPU
		{7AF64C65-A7D3-4978-9F51-3ACBA406C95A}.Release|Any CPU.Build.0 = Release|Any CPU
	EndGlobalSection
EndGlobal
